{
    "_meta": {
        "hash": {
            "sha256": "3ae6c7c85c8cc066a3983bc6702411c3a148ed99b5d846b1bca98ebe00f0cec3"
        },
        "pipfile-spec": 6,
        "requires": {
            "python_version": "3.14"
        },
        "sources": [
            {
                "name": "pypi",
                "url": "https://pypi.org/simple",
                "verify_ssl": true
            }
        ]
    },
    "default": {
        "asgiref": {
            "hashes": [
                "sha256:59dcb51c272ad209d59bed5708a64a333083e86017d7fcdd67498eeab7784340",
                "sha256:fe386d1c2bff7259ea95929266d12a8cf9a8b5a1c2598402967d8792e7a7c094"
            ],
            "markers": "python_version >= '3.10'",
            "version": "==3.12.1"
        },
        "django": {
            "hashes": [
                "sha256:585fb82bf15053c42cf52e67c2f1b54a032dca384759315fd6678ab1870d1d72",
                "sha256:7ab93536d8e677aa14554c56426290c69480bf2ee68d7513d4a22f57d6bfeb84"
            ],
            "index": "pypi",
            "markers": "python_version >= '3.12'",
            "version": "==6.1.1"
        },
        "mysqlclient": {
            "hashes": [
                "sha256:24164ba592065ae5ff0149bb5707d05772335935059474fb75d864e5d0f94d63",
                "sha256:3153c5c9538b1fe6363b1c61b7e0d31e8007624bfa3de70dcca00b4d2461ca93",
                "sha256:3c601984c286c51080e0d3e9a857bc014713e6338b5f9c0a5df453a341b14022",
                "sha256:3d39527a5525b4ebff99721d063f4fe9e459b9e437c7b7698374966d92d4355d",
                "sha256:5d4c53eb9c5625dd68b6fed32c8cf00ba19cd1c3073645dec309a9d16bd029e2",
                "sha256:60365cce6765b94eeb621aa0f9505044ec9b4ea191cd68500f0a35b2d6d2758b",
                "sha256:673891700dafbc66a6a8df12059b53a65905ec6e8dec615392fb984299880c0d",
                "sha256:6a691aab1a6d22fb04aa08977ced9ecf0c1c781d0d985f7814972c3626db9390",
                "sha256:7c3c4b3edcc7dc50d23fb5634e0e82bce8ab7de5b83d03fddc1c9979c18607a4",
                "sha256:8b3a5ebc0a2983bc252116dd132ab4c746085fa727b5c98c09edcda09dc09d0f",
                "sha256:a6beb9ca67a9224ff4b45f7f9118f0932038fa38d59ca2e38ae35b5225984d7d",
                "sha256:bea8294964266f6486f1ca514ccfcdbc54d4fe0d32882b38c1d4594df870be8b",
                "sha256:cfe14103280d5a4968fe8a3ace2a8939ef68a1d881aec9872d06746106b49f7f",
                "sha256:effb81eb6d1f1df6c1d95f63f117bec5007e9c64487e9fa17d5696f2a5338358",
                "sha256:f1ec49f73dad7df8f2da4d9de0f875f03c8bd44fbe77878522204c0646822f63",
                "sha256:fb94f509834cbe119c93c2b661d6115ff293d5db9300d8a410126923b5960d48",
                "sha256:fe27c63ba9088b28467bf276f93f0b4a9062beabaeeb9692593e774d1146cce2"
            ],
            "index": "pypi",
            "markers": "python_version >= '3.10'",
            "version": "==2.3.0"
        },
        "sqlparse": {
            "hashes": [
                "sha256:113c35c75365ab9cc9c7231d68c6428fb11c085fc8e9eb1ad659b7ddbf6cd2b9",
                "sha256:b861c0288ce2fa56209a9a6412d2e066ac664b3873b89c26c9d8415e8e32996f"
            ],
            "markers": "python_version >= '3.10'",
            "version": "==0.6.0"
        },
        "tzdata": {
            "hashes": [
                "sha256:c2169a8b0a7a5e9674da5a135ccdfb2b3e671b333ed9fed17b41f73c34476e81",
                "sha256:f1b8bd365d8d210c55353f4d7f8d6d8561c0ba50d704b700d195a9424bba0d79"
            ],
            "markers": "python_version >= '2'",
            "version": "==2026.4"
        }
    },
    "develop": {}
}
